# This file was autogenerated by uv via the following command:
#    uv export --frozen --no-dev --hashes -o requirements.lock
aiohappyeyeballs==2.7.1 \
    --hash=sha256:065665c041c42a5938ed220bdcd7230f22527fbec085e1853d2402c8a3615d9d \
    --hash=sha256:9243213661e29250eb41368e5daa826fc017156c3b8a11440826b2e3ed376472
    # via aiohttp
aiohttp==3.14.3 \
    --hash=sha256:11fb37ef075669eee52ab1928fbf6e1741fada40409fa309ebde9607a962aebf \
    --hash=sha256:1576145bdceeb92382d899751e12743a3a5b8e460a841e3e50543859e54864dc \
    --hash=sha256:18cb43369747b2ae007bd2655fb8e63a099c2ff1d207962943636dac989b3147 \
    --hash=sha256:1c5ec8fb1bcc31a8466f74aaf26c345d5c386fa4bd08a3f0eb9c7a4a3fe8b5bf \
    --hash=sha256:1caa7b0d05f3e3a36f87788c59e970a7ee1cefcfcbb924a9f138c4a6551c9cb7 \
    --hash=sha256:2498f0fe69ead802f9675beca44a7c21c62fdaa4ec5145ea1c3ad6edbee29f85 \
    --hash=sha256:25bd2708db6bdf6a6630dd37bdcdfcb47c4434d22ac69c64665b802910140b30 \
    --hash=sha256:270d3dace9ca2f10f0da5d8ebe519b7a310fc6112ed916e32df5866df0888553 \
    --hash=sha256:2e1161602f45a54de2ce0905243a95f58cb42dcd378402f3697f5e0b21e9d2e7 \
    --hash=sha256:2e9878ae68e4a5f1c0abe4dd497dbc3d51946f5837b56759e2a02e78fa90ef86 \
    --hash=sha256:30402d03a7c0ff52bce290b57e564e9079fd9d0cb545c8aba73f86a103162d2e \
    --hash=sha256:38901a84da3ce22249f6e860bf8f90d141bcab7da090cc398f8bb58c0e44b7da \
    --hash=sha256:3ae5b3a59436d089b5395d910121a390feed4d00578eb95a0fd1a329fe963100 \
    --hash=sha256:3d4f72af88ac2474bb5bca640030320e3d38a0163a1d7533500e87be458eef71 \
    --hash=sha256:3f42e9b78301f11c8f861746175d8b9c1ccef713fcad9eab396e2f6db8ed4a22 \
    --hash=sha256:42a67efc36300d052fb4508a53e8b6901b9284b599ae63945c377569c5fcc1e1 \
    --hash=sha256:498c6c623134f8e09a3c4e60bcd607a0b4590dd7dbf08dd40851b27cbb520ccb \
    --hash=sha256:49f7325beb0f85ef4aef5f48f490269575f83e6e2acad00a1d80b807eb027062 \
    --hash=sha256:4e3ac92d90e92773b2362d506068e9a948192bd553e743c5b2429e28527c8661 \
    --hash=sha256:53e5179d8abb5710f8e83ba207c41c8d1261fcffd4616500e15ca2b7a33be10a \
    --hash=sha256:55bdcc472aafe2de4a253045cc128007a64f1e0264fb675791e132ea5edaa3bd \
    --hash=sha256:5895ef58c4620afe02fa16044f023dc4dafec08158f9d08874a46a7dbc0341b8 \
    --hash=sha256:5f08ec777f35ee70720233b8b9811d3bb5d728137f30ac91b7457709c3261ac0 \
    --hash=sha256:614c61d478b83953e261d02bb2df750f17227cd33ef8002945bf5aebbde21919 \
    --hash=sha256:7041d52c3a7fa20c9e8c182b534704abb19502c8bdcbde7ab23bfda6f642394f \
    --hash=sha256:74ab5b6a9fb13e873e5a90946588baecaf488745e1db1a4a5c433f971f035098 \
    --hash=sha256:78253b573e6ffab5028924fc98bc281aae05445969982a10864bc360dea2016c \
    --hash=sha256:7a75aa63cbf9b21cfaf60dc2657e19df2c2867d91707d653fee171ffeedd1371 \
    --hash=sha256:8800c996b01c2772a783e3e46f3e1abd5823029adca0df54231960de9bfefa5b \
    --hash=sha256:8a5fd34f7f7410d1730d5c2ba873cacb2eed3fede366feb268a70ba22581ed8f \
    --hash=sha256:8b3b60de05f3dcb6f6a00f818bb2ec781cee4de0645f59ccaf99b1d1823b6100 \
    --hash=sha256:9491196535a88924a60afd5b5f434b5b203b6cc616250878dbdb223a8f7844bc \
    --hash=sha256:9d9edccfe496b476db5f398d97b865e9a6752bcf8aec4eef8390ce20fb64bb41 \
    --hash=sha256:9fc7b5bfec6573f3ae844f457fdde5adeb713f8b8e4a81ad64fc207b49383716 \
    --hash=sha256:a0dc483c00da8b673abbb367eb6f8d8f4bcec30eb58529ea13cb42e7fd2dfa33 \
    --hash=sha256:ac74facc01463f138b0da5580329cfcc82818dea5656e83ddcd11268fc12ff80 \
    --hash=sha256:ad4c8b7488d745d2ca4838ebd8ae5ba9b56341d30b1da43640e4ce87f9f49646 \
    --hash=sha256:b014a6ed7cf912e787149fdc529166d3ceabac23f26efeea3158c9aba2354e7e \
    --hash=sha256:b20032766aedf6261c7a566585a40867d092ac03a0d81592d5370ef9b054f99b \
    --hash=sha256:b304db572b4368edd8dda8a2274f73156fe15558fca4a917cb8a09fc47af5963 \
    --hash=sha256:bd52f811e65f6fb634b1047159657c98f52b407f8efec907bcfc09da9a4c0a25 \
    --hash=sha256:c23ec8ee9d5ab2f5421f9c7fffce208435607af27fd46d4a44e031954352838f \
    --hash=sha256:c39846c3aad97a8530c89d7a3869a8f8e9e3762c6ac0504481e5c80948f7e807 \
    --hash=sha256:c7d3a97c678d34fc5b59da671ee9cd630096ddc643e7b5a30d54a2a6f3574d3f \
    --hash=sha256:cc7cb243a68167172f48c1fd43cee91ec4b1d40cefd190edd43369d1a6bc9c82 \
    --hash=sha256:cd817772b2fcf2b8c0905795318485f9ec16eae60b29feb7f4c77085311637f0 \
    --hash=sha256:cef89a58e628c4efcac3275c2d68083f82426dcdc89c1492a6f654f9f7ea6ab9 \
    --hash=sha256:d6218d92e450824e9b4881f44e8c09f1853b490f9a64130801024a4793b1b3b0 \
    --hash=sha256:d77640cc618c1d99fc4f8589c0f24a730adfa54eb1e57ef7bf0c8dfb78da898c \
    --hash=sha256:d7d2deec16eeedf55f2c7cf75b521ea3856a5177e123844f8fd0f114ce252cb5 \
    --hash=sha256:db332af25642007330fca8be5c4d194caf2bea7a7fc84415aff3497af5dfee6b \
    --hash=sha256:dd54d0e8717de95939766febac482ac0474d8ac3b048115f9f2b1d23a16e7db4 \
    --hash=sha256:ddcac3c6b382e81f1dd0499199d4136b877beb4cb5ef770bbbfba56c4b8f55d2 \
    --hash=sha256:df82f3787c940c94986b34222d59c9e38843fba85139f36e85255a82ad5355a9 \
    --hash=sha256:dfa68deb2a443bdaa3ea5297b0699c1464f08aef3812b486d1348eee61b07dc0 \
    --hash=sha256:dff9461ec275f22135650d5ba4b4931a11f3958df7dfbb8db630000d4dee0883 \
    --hash=sha256:e2667f0bbe7eb6c74eae5e9691441ad186e5845ca3cff63230fc09c4e7514f5d \
    --hash=sha256:e3be98a7c30b8c25d573dafba7171d66dfb05ee6a9070fc46535464ff97700a6 \
    --hash=sha256:e72ee89e28d907a18f46959b4eb0bb06701cc7f8cf4366e00029e2ccfaaf5924 \
    --hash=sha256:e92eb8acc45eb6a9f4935071a77edf5b85cc6f8dfad5cd99e97653c26593cdde \
    --hash=sha256:ebe8e504f058fe91223351cecd2d9d6946c9d241bb0250d898ffbdf584cc72b0 \
    --hash=sha256:f0f177d1b195b9e06376cfd7d308d8a1b920909a609d03ac82a8c73bbb16d3b9 \
    --hash=sha256:f3d2669fe7dec7fc359ecdb5984b29b50d85d5d00f8c1cb61de4f4a24ee42627 \
    --hash=sha256:f8fb78a83c9e5f741ca3a68cfb455c1f5bb83b4e7249a3848b3cd78d0a8563b0 \
    --hash=sha256:fa9467a8113aa69d3d7c55a70ef0b7c636010a40993f3df9d9d0d73b3eb7ef24
    # via thunder-filetolink
aiosignal==1.4.0 \
    --hash=sha256:053243f8b92b990551949e63930a839ff0cf0b0ebbe0597b0f3fb19e1a0fe82e \
    --hash=sha256:f47eecd9468083c2029cc99945502cb7708b082c232f9aca65da147157b251c7
    # via aiohttp
attrs==26.1.0 \
    --hash=sha256:c647aa4a12dfbad9333ca4e71fe62ddc36f4e63b2d260a37a8b83d2f043ac309 \
    --hash=sha256:d03ceb89cb322a8fd706d4fb91940737b6642aa36998fe130a9bc96c985eff32
    # via aiohttp
dnspython==2.8.0 \
    --hash=sha256:01d9bbc4a2d76bf0db7c1f729812ded6d912bd318d3b1cf81d30c0f845dbf3af \
    --hash=sha256:181d3c6996452cb1189c4046c61599b84a5a86e099562ffde77d26984ff26d0f
    # via pymongo
frozenlist==1.8.0 \
    --hash=sha256:0325024fe97f94c41c08872db482cf8ac4800d80e79222c6b0b7b162d5b13686 \
    --hash=sha256:032efa2674356903cd0261c4317a561a6850f3ac864a63fc1583147fb05a79b0 \
    --hash=sha256:03ae967b4e297f58f8c774c7eabcce57fe3c2434817d4385c50661845a058121 \
    --hash=sha256:06be8f67f39c8b1dc671f5d83aaefd3358ae5cdcf8314552c57e7ed3e6475bdd \
    --hash=sha256:073f8bf8becba60aa931eb3bc420b217bb7d5b8f4750e6f8b3be7f3da85d38b7 \
    --hash=sha256:07cdca25a91a4386d2e76ad992916a85038a9b97561bf7a3fd12d5d9ce31870c \
    --hash=sha256:0c18a16eab41e82c295618a77502e17b195883241c563b00f0aa5106fc4eaa0d \
    --hash=sha256:0f96534f8bfebc1a394209427d0f8a63d343c9779cda6fc25e8e121b5fd8555b \
    --hash=sha256:102e6314ca4da683dca92e3b1355490fed5f313b768500084fbe6371fddfdb79 \
    --hash=sha256:119fb2a1bd47307e899c2fac7f28e85b9a543864df47aa7ec9d3c1b4545f096f \
    --hash=sha256:154e55ec0655291b5dd1b8731c637ecdb50975a2ae70c606d100750a540082f7 \
    --hash=sha256:168c0969a329b416119507ba30b9ea13688fafffac1b7822802537569a1cb0ef \
    --hash=sha256:21900c48ae04d13d416f0e1e0c4d81f7931f73a9dfa0b7a8746fb2fe7dd970ed \
    --hash=sha256:28bd570e8e189d7f7b001966435f9dac6718324b5be2990ac496cf1ea9ddb7fe \
    --hash=sha256:29548f9b5b5e3460ce7378144c3010363d8035cea44bc0bf02d57f5a685e084e \
    --hash=sha256:2c5dcbbc55383e5883246d11fd179782a9d07a986c40f49abe89ddf865913930 \
    --hash=sha256:2dc43a022e555de94c3b68a4ef0b11c4f747d12c024a520c7101709a2144fb37 \
    --hash=sha256:2f05983daecab868a31e1da44462873306d3cbfd76d1f0b5b69c473d21dbb128 \
    --hash=sha256:33139dc858c580ea50e7e60a1b0ea003efa1fd42e6ec7fdbad78fff65fad2fd2 \
    --hash=sha256:33f48f51a446114bc5d251fb2954ab0164d5be02ad3382abcbfe07e2531d650f \
    --hash=sha256:342c97bf697ac5480c0a7ec73cd700ecfa5a8a40ac923bd035484616efecc2df \
    --hash=sha256:39ecbc32f1390387d2aa4f5a995e465e9e2f79ba3adcac92d68e3e0afae6657c \
    --hash=sha256:3e0761f4d1a44f1d1a47996511752cf3dcec5bbdd9cc2b4fe595caf97754b7a0 \
    --hash=sha256:3ede829ed8d842f6cd48fc7081d7a41001a56f1f38603f9d49bf3020d59a31ad \
    --hash=sha256:3ef2d026f16a2b1866e1d86fc4e1291e1ed8a387b2c333809419a2f8b3a77b82 \
    --hash=sha256:4314debad13beb564b708b4a496020e5306c7333fa9a3ab90374169a20ffab30 \
    --hash=sha256:44389d135b3ff43ba8cc89ff7f51f5a0bb6b63d829c8300f79a2fe4fe61bcc62 \
    --hash=sha256:4970ece02dbc8c3a92fcc5228e36a3e933a01a999f7094ff7c23fbd2beeaa67c \
    --hash=sha256:4e0c11f2cc6717e0a741f84a527c52616140741cd812a50422f83dc31749fb52 \
    --hash=sha256:50066c3997d0091c411a66e710f4e11752251e6d2d73d70d8d5d4c76442a199d \
    --hash=sha256:517279f58009d0b1f2e7c1b130b377a349405da3f7621ed6bfae50b10adf20c1 \
    --hash=sha256:54b2077180eb7f83dd52c40b2750d0a9f175e06a42e3213ce047219de902717a \
    --hash=sha256:5500ef82073f599ac84d888e3a8c1f77ac831183244bfd7f11eaa0289fb30714 \
    --hash=sha256:581ef5194c48035a7de2aefc72ac6539823bb71508189e5de01d60c9dcd5fa65 \
    --hash=sha256:5c1c8e78426e59b3f8005e9b19f6ff46e5845895adbde20ece9218319eca6506 \
    --hash=sha256:5d63a068f978fc69421fb0e6eb91a9603187527c86b7cd3f534a5b77a592b888 \
    --hash=sha256:6da155091429aeba16851ecb10a9104a108bcd32f6c1642867eadaee401c1c41 \
    --hash=sha256:778a11b15673f6f1df23d9586f83c4846c471a8af693a22e066508b77d201ec8 \
    --hash=sha256:8009897cdef112072f93a0efdce29cd819e717fd2f649ee3016efd3cd885a7ed \
    --hash=sha256:878be833caa6a3821caf85eb39c5ba92d28e85df26d57afb06b35b2efd937231 \
    --hash=sha256:8b7b94a067d1c504ee0b16def57ad5738701e4ba10cec90529f13fa03c833496 \
    --hash=sha256:8d92f1a84bb12d9e56f818b3a746f3efba93c1b63c8387a73dde655e1e42282a \
    --hash=sha256:92db2bf818d5cc8d9c1f1fc56b897662e24ea5adb36ad1f1d82875bd64e03c24 \
    --hash=sha256:96153e77a591c8adc2ee805756c61f59fef4cf4073a9275ee86fe8cba41241f7 \
    --hash=sha256:97260ff46b207a82a7567b581ab4190bd4dfa09f4db8a8b49d1a958f6aa4940e \
    --hash=sha256:974b28cf63cc99dfb2188d8d222bc6843656188164848c4f679e63dae4b0708e \
    --hash=sha256:b2a095d45c5d46e5e79ba1e5b9cb787f541a8dee0433836cea4b96a2c439dcd8 \
    --hash=sha256:b3210649ee28062ea6099cfda39e147fa1bc039583c8ee4481cb7811e2448c51 \
    --hash=sha256:b4dec9482a65c54a5044486847b8a66bf10c9cb4926d42927ec4e8fd5db7fed8 \
    --hash=sha256:bac9c42ba2ac65ddc115d930c78d24ab8d4f465fd3fc473cdedfccadb9429806 \
    --hash=sha256:bf0a7e10b077bf5fb9380ad3ae8ce20ef919a6ad93b4552896419ac7e1d8e042 \
    --hash=sha256:cb89a7f2de3602cfed448095bab3f178399646ab7c61454315089787df07733a \
    --hash=sha256:cba69cb73723c3f329622e34bdbf5ce1f80c21c290ff04256cff1cd3c2036ed2 \
    --hash=sha256:cee686f1f4cadeb2136007ddedd0aaf928ab95216e7691c63e50a8ec066336d0 \
    --hash=sha256:cf253e0e1c3ceb4aaff6df637ce033ff6535fb8c70a764a8f46aafd3d6ab798e \
    --hash=sha256:d1eaff1d00c7751b7c6662e9c5ba6eb2c17a2306ba5e2a37f24ddf3cc953402b \
    --hash=sha256:d3bb933317c52d7ea5004a1c442eef86f426886fba134ef8cf4226ea6ee1821d \
    --hash=sha256:db1e72ede2d0d7ccb213f218df6a078a9c09a7de257c2fe8fcef16d5925230b1 \
    --hash=sha256:e25ac20a2ef37e91c1b39938b591457666a0fa835c7783c3a8f33ea42870db94 \
    --hash=sha256:eaa352d7047a31d87dafcacbabe89df0aa506abb5b1b85a2fb91bc3faa02d822 \
    --hash=sha256:eab8145831a0d56ec9c4139b6c3e594c7a83c2c8be25d5bcf2d86136a532287a \
    --hash=sha256:ec3cc8c5d4084591b4237c0a272cc4f50a5b03396a47d9caaf76f5d7b38a4f11 \
    --hash=sha256:eefdba20de0d938cec6a89bd4d70f346a03108a19b9df4248d3cf0d88f1b0f51 \
    --hash=sha256:f21f00a91358803399890ab167098c131ec2ddd5f8f5fd5fe9c9f2c6fcd91e40 \
    --hash=sha256:f6292f1de555ffcc675941d65fffffb0a5bcd992905015f85d0592201793e0e5 \
    --hash=sha256:fb30f9626572a76dfe4293c7194a09fb1fe93ba94c7d4f720dfae3b646b45027
    # via
    #   aiohttp
    #   aiosignal
idna==3.19 \
    --hash=sha256:5e0811a4383b21dc5838069f801c4fb62113b7447663d2530d2bd6e77b49bf15 \
    --hash=sha256:815e7be7a7806d54abb586dc943addc79e8b2ee16915059658cbeff4b1b43bf4
    # via yarl
jinja2==3.1.6 \
    --hash=sha256:0137fb05990d35f1275a587e9aee6d56da821fc83491a0fb838183be43f66d6d \
    --hash=sha256:85ece4451f492d0c13c5dd7c13a64681a86afae63a5f347908daf103ce6d2f67
    # via thunder-filetolink
markupsafe==3.0.3 \
    --hash=sha256:0eb9ff8191e8498cca014656ae6b8d61f39da5f95b488805da4bb029cccbfbaf \
    --hash=sha256:1085e7fbddd3be5f89cc898938f42c0b3c711fdcb37d75221de2666af647c175 \
    --hash=sha256:116bb52f642a37c115f517494ea5feb03889e04df47eeff5b130b1808ce7c219 \
    --hash=sha256:12c63dfb4a98206f045aa9563db46507995f7ef6d83b2f68eda65c307c6829eb \
    --hash=sha256:133a43e73a802c5562be9bbcd03d090aa5a1fe899db609c29e8c8d815c5f6de6 \
    --hash=sha256:1353ef0c1b138e1907ae78e2f6c63ff67501122006b0f9abad68fda5f4ffc6ab \
    --hash=sha256:1b4b79e8ebf6b55351f0d91fe80f893b4743f104bff22e90697db1590e47a218 \
    --hash=sha256:1b52b4fb9df4eb9ae465f8d0c228a00624de2334f216f178a995ccdcf82c4634 \
    --hash=sha256:218551f6df4868a8d527e3062d0fb968682fe92054e89978594c28e642c43a73 \
    --hash=sha256:2713baf880df847f2bece4230d4d094280f4e67b1e813eec43b4c0e144a34ffe \
    --hash=sha256:32001d6a8fc98c8cb5c947787c5d08b0a50663d139f1305bac5885d98d9b40fa \
    --hash=sha256:3524b778fe5cfb3452a09d31e7b5adefeea8c5be1d43c4f810ba09f2ceb29d37 \
    --hash=sha256:457a69a9577064c05a97c41f4e65148652db078a3a509039e64d3467b9e7ef97 \
    --hash=sha256:4e885a3d1efa2eadc93c894a21770e4bc67899e3543680313b09f139e149ab19 \
    --hash=sha256:4faffd047e07c38848ce017e8725090413cd80cbc23d86e55c587bf979e579c9 \
    --hash=sha256:509fa21c6deb7a7a273d629cf5ec029bc209d1a51178615ddf718f5918992ab9 \
    --hash=sha256:5678211cb9333a6468fb8d8be0305520aa073f50d17f089b5b4b477ea6e67fdc \
    --hash=sha256:5a7d5dc5140555cf21a6fefbdbf8723f06fcd2f63ef108f2854de715e4422cb4 \
    --hash=sha256:69c0b73548bc525c8cb9a251cddf1931d1db4d2258e9599c28c07ef3580ef354 \
    --hash=sha256:722695808f4b6457b320fdc131280796bdceb04ab50fe1795cd540799ebe1698 \
    --hash=sha256:729586769a26dbceff69f7a7dbbf59ab6572b99d94576a5592625d5b411576b9 \
    --hash=sha256:795e7751525cae078558e679d646ae45574b47ed6e7771863fcc079a6171a0fc \
    --hash=sha256:7e68f88e5b8799aa49c85cd116c932a1ac15caaa3f5db09087854d218359e485 \
    --hash=sha256:8485f406a96febb5140bfeca44a73e3ce5116b2501ac54fe953e488fb1d03b12 \
    --hash=sha256:8709b08f4a89aa7586de0aadc8da56180242ee0ada3999749b183aa23df95025 \
    --hash=sha256:8f71bc33915be5186016f675cd83a1e08523649b0e33efdb898db577ef5bb009 \
    --hash=sha256:915c04ba3851909ce68ccc2b8e2cd691618c4dc4c4232fb7982bca3f41fd8c3d \
    --hash=sha256:9a1abfdc021a164803f4d485104931fb8f8c1efd55bc6b748d2f5774e78b62c5 \
    --hash=sha256:9b79b7a16f7fedff2495d684f2b59b0457c3b493778c9eed31111be64d58279f \
    --hash=sha256:a4afe79fb3de0b7097d81da19090f4df4f8d3a2b3adaa8764138aac2e44f3af1 \
    --hash=sha256:ad2cf8aa28b8c020ab2fc8287b0f823d0a7d8630784c31e9ee5edea20f406287 \
    --hash=sha256:b8512a91625c9b3da6f127803b166b629725e68af71f8184ae7e7d54686a56d6 \
    --hash=sha256:bdc919ead48f234740ad807933cdf545180bfbe9342c2bb451556db2ed958581 \
    --hash=sha256:bdd37121970bfd8be76c5fb069c7751683bdf373db1ed6c010162b2a130248ed \
    --hash=sha256:c47a551199eb8eb2121d4f0f15ae0f923d31350ab9280078d1e5f12b249e0026 \
    --hash=sha256:ccfcd093f13f0f0b7fdd0f198b90053bf7b2f02a3927a30e63f3ccc9df56b676 \
    --hash=sha256:e1cf1972137e83c5d4c136c43ced9ac51d0e124706ee1c8aa8532c1287fa8795 \
    --hash=sha256:e56b7d45a839a697b5eb268c82a71bd8c7f6c94d6fd50c3d577fa39a9f1409f5 \
    --hash=sha256:e8afc3f2ccfa24215f8cb28dcf43f0113ac3c37c2f0f0806d8c70e4228c5cf4d \
    --hash=sha256:eaa9599de571d72e2daf60164784109f19978b327a3910d3e9de8c97b5b70cfe \
    --hash=sha256:ec15a59cf5af7be74194f7ab02d0f59a62bdcf1a537677ce67a2537c9b87fcda \
    --hash=sha256:f190daf01f13c72eac4efd5c430a8de82489d9cff23c364c3ea822545032993e \
    --hash=sha256:f34c41761022dd093b4b6896d4810782ffbabe30f2d443ff5f083e0cbbb8c737 \
    --hash=sha256:f3e98bb3798ead92273dc0e5fd0f31ade220f59a266ffd8a4f6065e0a3ce0523 \
    --hash=sha256:fed51ac40f757d41b7c48425901843666a6677e3e8eb0abcff09e4ba6e664f50
    # via jinja2
multidict==6.7.1 \
    --hash=sha256:03ede2a6ffbe8ef936b92cb4529f27f42be7f56afcdab5ab739cd5f27fb1cbf9 \
    --hash=sha256:0458c978acd8e6ea53c81eefaddbbee9c6c5e591f41b3f5e8e194780fe026581 \
    --hash=sha256:0b4c48648d7649c9335cf1927a8b87fa692de3dcb15faa676c6a6f1f1aabda43 \
    --hash=sha256:0e161ddf326db5577c3a4cc2d8648f81456e8a20d40415541587a71620d7a7d1 \
    --hash=sha256:12fad252f8b267cc75b66e8fc51b3079604e8d43a75428ffe193cd9e2195dfd6 \
    --hash=sha256:14525a5f61d7d0c94b368a42cff4c9a4e7ba2d52e2672a7b23d84dc86fb02b0c \
    --hash=sha256:17307b22c217b4cf05033dabefe68255a534d637c6c9b0cc8382718f87be4262 \
    --hash=sha256:1b99af4d9eec0b49927b4402bcbb58dea89d3e0db8806a4086117019939ad3dd \
    --hash=sha256:1d540e51b7e8e170174555edecddbd5538105443754539193e3e1061864d444d \
    --hash=sha256:1e3a8bb24342a8201d178c3b4984c26ba81a577c80d4d525727427460a50c22d \
    --hash=sha256:21f830fe223215dffd51f538e78c172ed7c7f60c9b96a2bf05c4848ad49921c3 \
    --hash=sha256:233b398c29d3f1b9676b4b6f75c518a06fcb2ea0b925119fb2c1bc35c05e1601 \
    --hash=sha256:253282d70d67885a15c8a7716f3a73edf2d635793ceda8173b9ecc21f2fb8292 \
    --hash=sha256:273d23f4b40f3dce4d6c8a821c741a86dec62cded82e1175ba3d99be128147ed \
    --hash=sha256:283ddac99f7ac25a4acadbf004cb5ae34480bbeb063520f70ce397b281859362 \
    --hash=sha256:2b41f5fed0ed563624f1c17630cb9941cf2309d4df00e494b551b5f3e3d67a23 \
    --hash=sha256:2bbd113e0d4af5db41d5ebfe9ccaff89de2120578164f86a5d17d5a576d1e5b2 \
    --hash=sha256:2e1425e2f99ec5bd36c15a01b690a1a2456209c5deed58f95469ffb46039ccbb \
    --hash=sha256:3ab8b9d8b75aef9df299595d5388b14530839f6422333357af1339443cff777d \
    --hash=sha256:3bd231490fa7217cc832528e1cd8752a96f0125ddd2b5749390f7c3ec8721b65 \
    --hash=sha256:401c5a650f3add2472d1d288c26deebc540f99e2fb83e9525007a74cd2116f1d \
    --hash=sha256:41f2952231456154ee479651491e94118229844dd7226541788be783be2b5108 \
    --hash=sha256:432feb25a1cb67fe82a9680b4d65fb542e4635cb3166cd9c01560651ad60f177 \
    --hash=sha256:4885cb0e817aef5d00a2e8451d4665c1808378dc27c2705f1bf4ef8505c0d2e5 \
    --hash=sha256:497394b3239fc6f0e13a78a3e1b61296e72bf1c5f94b4c4eb80b265c37a131cd \
    --hash=sha256:497bde6223c212ba11d462853cfa4f0ae6ef97465033e7dc9940cdb3ab5b48e5 \
    --hash=sha256:4cfb48c6ea66c83bcaaf7e4dfa7ec1b6bbcf751b7db85a328902796dfde4c060 \
    --hash=sha256:538cec1e18c067d0e6103aa9a74f9e832904c957adc260e61cd9d8cf0c3b3d37 \
    --hash=sha256:55d97cc6dae627efa6a6e548885712d4864b81110ac76fa4e534c03819fa4a56 \
    --hash=sha256:563fe25c678aaba333d5399408f5ec3c383ca5b663e7f774dd179a520b8144df \
    --hash=sha256:57b46b24b5d5ebcc978da4ec23a819a9402b4228b8a90d9c656422b4bdd8a963 \
    --hash=sha256:5a37ca18e360377cfda1d62f5f382ff41f2b8c4ccb329ed974cc2e1643440118 \
    --hash=sha256:5c4b9bfc148f5a91be9244d6264c53035c8a0dcd2f51f1c3c6e30e30ebaa1c84 \
    --hash=sha256:5e01429a929600e7dab7b166062d9bb54a5eed752384c7384c968c2afab8f50f \
    --hash=sha256:5fa6a95dfee63893d80a34758cd0e0c118a30b8dcb46372bf75106c591b77889 \
    --hash=sha256:6aac4f16b472d5b7dc6f66a0d49dd57b0e0902090be16594dc9ebfd3d17c47e7 \
    --hash=sha256:6b10359683bd8806a200fd2909e7c8ca3a7b24ec1d8132e483d58e791d881048 \
    --hash=sha256:7a7e590ff876a3eaf1c02a4dfe0724b6e69a9e9de6d8f556816f29c496046e59 \
    --hash=sha256:7eee46ccb30ff48a1e35bb818cc90846c6be2b68240e42a78599166722cea709 \
    --hash=sha256:841189848ba629c3552035a6a7f5bf3b02eb304e9fea7492ca220a8eda6b0e5c \
    --hash=sha256:84e61e3af5463c19b67ced91f6c634effb89ef8bfc5ca0267f954451ed4bb6a2 \
    --hash=sha256:8f333ec9c5eb1b7105e3b84b53141e66ca05a19a605368c55450b6ba208cb9ee \
    --hash=sha256:9004d8386d133b7e6135679424c91b0b854d2d164af6ea3f289f8f2761064609 \
    --hash=sha256:90efbcf47dbe33dcf643a1e400d67d59abeac5db07dc3f27d6bdeae497a2198c \
    --hash=sha256:935434b9853c7c112eee7ac891bc4cb86455aa631269ae35442cb316790c1445 \
    --hash=sha256:93b1818e4a6e0930454f0f2af7dfce69307ca03cdcfb3739bf4d91241967b6c1 \
    --hash=sha256:960c83bf01a95b12b08fd54324a4eb1d5b52c88932b5cba5d6e712bb3ed12eb5 \
    --hash=sha256:97231140a50f5d447d3164f994b86a0bed7cd016e2682f8650d6a9158e14fd31 \
    --hash=sha256:97891f3b1b3ffbded884e2916cacf3c6fc87b66bb0dde46f7357404750559f33 \
    --hash=sha256:98655c737850c064a65e006a3df7c997cd3b220be4ec8fe26215760b9697d4d7 \
    --hash=sha256:98bc624954ec4d2c7cb074b8eefc2b5d0ce7d482e410df446414355d158fe4ca \
    --hash=sha256:9d624335fd4fa1c08a53f8b4be7676ebde19cd092b3895c421045ca87895b429 \
    --hash=sha256:9f9af11306994335398293f9958071019e3ab95e9a707dc1383a35613f6abcb9 \
    --hash=sha256:a0543217a6a017692aa6ae5cc39adb75e587af0f3a82288b1492eb73dd6cc2a4 \
    --hash=sha256:a407f13c188f804c759fc6a9f88286a565c242a76b27626594c133b82883b5c2 \
    --hash=sha256:af959b9beeb66c822380f222f0e0a1889331597e81f1ded7f374f3ecb0fd6c52 \
    --hash=sha256:b26684587228afed0d50cf804cc71062cc9c1cdf55051c4c6345d372947b268c \
    --hash=sha256:b4938326284c4f1224178a560987b6cf8b4d38458b113d9b8c1db1a836e640a2 \
    --hash=sha256:c0abd12629b0af3cf590982c0b413b1e7395cd4ec026f30986818ab95bfaa94a \
    --hash=sha256:c76c4bec1538375dad9d452d246ca5368ad6e1c9039dadcf007ae59c70619ea1 \
    --hash=sha256:c9035dde0f916702850ef66460bc4239d89d08df4d02023a5926e7446724212c \
    --hash=sha256:ce1bbd7d780bb5a0da032e095c951f7014d6b0a205f8318308140f1a6aba159e \
    --hash=sha256:d54ecf9f301853f2c5e802da559604b3e95bb7a3b01a9c295c6ee591b9882de8 \
    --hash=sha256:df9f19c28adcb40b6aae30bbaa1478c389efd50c28d541d76760199fc1037c32 \
    --hash=sha256:e1c5988359516095535c4301af38d8a8838534158f649c05dd1050222321bcb3 \
    --hash=sha256:e628ef0e6859ffd8273c69412a2465c4be4a9517d07261b33334b5ec6f3c7489 \
    --hash=sha256:e82d14e3c948952a1a85503817e038cba5905a3352de76b9a465075d072fba23 \
    --hash=sha256:e954b24433c768ce78ab7929e84ccf3422e46deb45a4dc9f93438f8217fa2d34 \
    --hash=sha256:eb304767bca2bb92fb9c5bd33cedc95baee5bb5f6c88e63706533a1c06ad08c8 \
    --hash=sha256:ec6652a1bee61c53a3e5776b6049172c53b6aaba34f18c9ad04f82712bac623d \
    --hash=sha256:f33dc2a3abe9249ea5d8360f969ec7f4142e7ac45ee7014d8f8d5acddf178b7b \
    --hash=sha256:f5dd81c45b05518b9aa4da4aa74e1c93d715efa234fd3e8a179df611cc85e5f4 \
    --hash=sha256:f99fe611c312b3c1c0ace793f92464d8cd263cc3b26b5721950d977b006b6c4d \
    --hash=sha256:fa263a02f4f2dd2d11a7b1bb4362aa7cb1049f84a9235d31adf63f30143469a0
    # via
    #   aiohttp
    #   yarl
propcache==0.5.2 \
    --hash=sha256:01c4fc7480cd0598bb4b57022df55b9ca296da7fc5a8760bd8451a7e63a7d427 \
    --hash=sha256:06187263ddad280d05b4d8a8b3bb7d164cbebd469236544a42e6d9b28ac6a4fa \
    --hash=sha256:0958834041a0166d343b8d2cedcd8bcbaeb4fdbe0cf08320c5379f143c3be6e7 \
    --hash=sha256:099aaf4b4d1a02265b92a977edf00b5c4f63b3b17ac6de39b0d637c9cac0188a \
    --hash=sha256:0d2c9bf8528f135dbb805ce027567e09164f7efa51a2be07458a2c0420f292d0 \
    --hash=sha256:10734b5484ea113152ee25a91dccedf81631791805d2c9ccb054958e51842c94 \
    --hash=sha256:13fef48778b5a2a756523fdb781326b028ca75e32858b04f2cdd19f394564917 \
    --hash=sha256:196913dea116aeb5a2ba95af4ddcb7ea85559ae07d8eee8751688310d09168c3 \
    --hash=sha256:1b31822f4474c4036bae62de9402710051d431a606d6a0f907fec79935a071aa \
    --hash=sha256:1dbcf7675229b35d31abb6547d8ebc8c27a830ac3f9a794edff6254873ec7c0a \
    --hash=sha256:2d7aa89ebca5acc98cba9d1472d976e394782f587bad6661003602a619fd1821 \
    --hash=sha256:2f22cbbac9e26a8e864c0985ff1268d5d939d53d9d9411a9824279097e03a2cb \
    --hash=sha256:3115559b8effafd63b142ea5ed53d63a16ea6469cbc63dce4ee194b42db5d853 \
    --hash=sha256:32775082acd2d807ee3db715c7770d38767b817870acfa08c29e057f3c4d5b56 \
    --hash=sha256:3430bb2bfe1331885c427745a751e774ee679fd4344f80b97bf879815fe8fa55 \
    --hash=sha256:40314bca9ac559716fe374094fc81c11dcc34b64fd6c585360f5775690505704 \
    --hash=sha256:452b5065457eb9991ec5eb38ff41d6cd4c991c9ac7c531c4d5849ae473a9a13f \
    --hash=sha256:46088abff4cba581dea21ae0467a480526cb25aa5f3c269e909f800328bc3999 \
    --hash=sha256:4bc8ff1feffc6a61c7002ffe84634c41b822e104990ae009f44a0834430070bb \
    --hash=sha256:4db0ba63d693afd40d249bd93f842b5f144f8fcbb83de05660373bcf30517b1d \
    --hash=sha256:51f96d685ab16e88cab128cd37a52c5da540809c8b879fa047731bfcb4ad35a4 \
    --hash=sha256:5538d2c13d93e4698af7e092b57bc7298fd35d1d58e656ae18f23ee0d0378e03 \
    --hash=sha256:5570dbcc97571c15f68068e529c92715a12f8d54030e272d264b377e22bd17a5 \
    --hash=sha256:583c19759d9eec1e5b69e2fbef36a7d9c326041be9746cb822d335c8cedc2979 \
    --hash=sha256:6041d31504dc1779d700e1edcfb08eea334b357620b06681a4eabb57a74e574e \
    --hash=sha256:68ce1c44c7a813a7f71ea04315a8c7b330b63db99d059a797a4651bb6f69f117 \
    --hash=sha256:6a997d0489e9668a384fcfd5061b857aa5361de73191cac204d04b889cfbbafa \
    --hash=sha256:6de8bd93ddde9b992cf2b2e0d796d501a19026b5b9fd87356d7d0779531a8d96 \
    --hash=sha256:6e7b8719005dd1175be4ab1cd25e9b98659a5e0347331506ec6760d2773a7fb5 \
    --hash=sha256:72d61e16dd78228b58c5d47be830ff3da7e5f139abdf0aef9d86cde1c5cf2191 \
    --hash=sha256:79aa3ff0a9b566633b642fa9caf7e21ed1c13d6feca718187873f199e1514078 \
    --hash=sha256:7afa37062e6650640e932e4cc9297d81f9f42d9944029cc386b8247dea4da837 \
    --hash=sha256:81e3a30b0bb60caa22033dd0f8a3618d1d67356212514f62c57db75cb0ef410c \
    --hash=sha256:8a90efd5777e996e42d568db9ac740b944d691e565cbfd31b2f7832f9184b2b8 \
    --hash=sha256:8b73ab70f1a3351fbc71f663b3e645af6dd0329100c353081cf69c37433fc6fe \
    --hash=sha256:9282fb1a3bccd038da9f768b927b24a0c753e466c086b7c4f3c6982851eefb2d \
    --hash=sha256:97797ebb098e670a2f92dd66f32897e30d7615b14e7f59711de23e30a9072539 \
    --hash=sha256:a473b3440261e0c60706e732b2ed2f517857344fc21bf48fdfe211e2d98eb285 \
    --hash=sha256:a592f5f3da71c8691c788c13cb6734b6d17663d2e1cb8caddf0673d01ef8847d \
    --hash=sha256:a6ae2198be502c10f09b2516e7b5d019816924bc3183a43ce792a7bd6625e6f4 \
    --hash=sha256:a6ddc6ac9e25de626c1f129c1b467d7ecd33ce2237d3fd0c4e429feef0a7ee1f \
    --hash=sha256:acd2c8edba48e31e58a363b8cf4e5c7db3b04b3f9e371f601df30d9b0d244836 \
    --hash=sha256:ba338430e87ceb9c8f0cf754de38a9860560261e56c00376debd628698a7364f \
    --hash=sha256:ba57fffe4ac99c5d30076161b5866336d97600769bad35cc68f7774b15298a4e \
    --hash=sha256:be1ddfcbb376e3de5d2e2db1d58d6d67463e6b4f9f040c000de8e300295465fe \
    --hash=sha256:c60462af8e6dc30c35407c7237ea908d777b22862bbee27bc4699c0d8bcdc45a \
    --hash=sha256:c66afea89b1e43725731d2004732a046fe6fe955d51f952c3e95a7314a284a39 \
    --hash=sha256:cafca7e56c12bb02ae16d283742bef25a61122e9dab2b5b3f2ccbe589ce32164 \
    --hash=sha256:cc49723e2f60d6b32a0f0b08a3fd6d13203c07f1cd9566cfce0f12a917c967a2 \
    --hash=sha256:cc6fc3cc62e8501d3ed62894425040d2728ecddb1ed072737a5c70bd537aa9f0 \
    --hash=sha256:cd645f03898405cabe694fb8bc35241e3a9c332ec85627584fe3de201452b335 \
    --hash=sha256:cef6cea3922890dd6c9654971001fa797b526c16ab5e1e46c05fd6f877be7568 \
    --hash=sha256:cfa21e036ce1e1db2be04ba3b85d2df1bb1702fa01932d984c5464c665228ff4 \
    --hash=sha256:d0326e2e5e1f3163fa306c834e48e8d490e5fae607a097a40c0648109b47ba80 \
    --hash=sha256:d310c013aad2c72f1c3f2f8dd3279d460a858c551f97aeb8c63e4693cca7b4d2 \
    --hash=sha256:d447bb0b3054be5818458fbb171208b1d9ff11eba14e18ca18b90cbb45767370 \
    --hash=sha256:d4dc37dec6c6cdad0b57881a5658fd14fbf53e333b1a86cf86559f190e1d9ec4 \
    --hash=sha256:dfed59d0a5aeb01e242e66ff0300bc4a265a7c05f612d30016f0b60b1017d757 \
    --hash=sha256:e00820e192c8dbebcafb383ebbf99030895f09905e7a0eb2e0340a0bcc2bc825 \
    --hash=sha256:f064f8d2b59177878b7615df1735cd8fe3462ed6be8c7b217d17a276489c2b7f \
    --hash=sha256:f156a3529f38063b6dbaf356e15602a7f95f8055b1295a438433a6386f10463d \
    --hash=sha256:f19bb891234d72535764d703bfed1153cc34f4214d5bd7150aee1eec9e8f4366 \
    --hash=sha256:f7467da8a9822bf1a55336f877340c5bcbd3c482afc43a99771169f74a26dedc \
    --hash=sha256:f78abfa8dfc32376fd1aacf597b2f2fbbe0ea751419aee718af5d4f82537ef8c \
    --hash=sha256:f7eabc04151c78a9f4d5bbb5f1faf571e4defeb4b585e0fe95b60ff2dbe4d3d7 \
    --hash=sha256:f814362777a9f841adddb200ecdf8f5cb1e5a3c4b7a86378edbd6ccb26edd702 \
    --hash=sha256:fc299c129490f55f254cd90be0deca4764e36e9a7c08b4aa588479a3bbed3098 \
    --hash=sha256:fc76378c62a0f04d0cd82fbb1a2cd2d7e28fcb40d5873f28a6c44e388aaa2751 \
    --hash=sha256:fc88b26f08d634f7bc819a7852e5214f5802641ab8d9fd5326892292eee1993e \
    --hash=sha256:fe67a3d11cd9b4efabfa45c3d00ffba2b26811442a73a581a94b67c2b5faccf6
    # via
    #   aiohttp
    #   yarl
psutil==7.2.2 \
    --hash=sha256:0746f5f8d406af344fd547f1c8daa5f5c33dbc293bb8d6a16d80b4bb88f59372 \
    --hash=sha256:076a2d2f923fd4821644f5ba89f059523da90dc9014e85f8e45a5774ca5bc6f9 \
    --hash=sha256:11fe5a4f613759764e79c65cf11ebdf26e33d6dd34336f8a337aa2996d71c841 \
    --hash=sha256:1a571f2330c966c62aeda00dd24620425d4b0cc86881c89861fbc04549e5dc63 \
    --hash=sha256:1a7b04c10f32cc88ab39cbf606e117fd74721c831c98a27dc04578deb0c16979 \
    --hash=sha256:1fa4ecf83bcdf6e6c8f4449aff98eefb5d0604bf88cb883d7da3d8d2d909546a \
    --hash=sha256:2edccc433cbfa046b980b0df0171cd25bcaeb3a68fe9022db0979e7aa74a826b \
    --hash=sha256:7b6d09433a10592ce39b13d7be5a54fbac1d1228ed29abc880fb23df7cb694c9 \
    --hash=sha256:8c233660f575a5a89e6d4cb65d9f938126312bca76d8fe087b947b3a1aaac9ee \
    --hash=sha256:917e891983ca3c1887b4ef36447b1e0873e70c933afc831c6b6da078ba474312 \
    --hash=sha256:ab486563df44c17f5173621c7b198955bd6b613fb87c71c161f827d3fb149a9b \
    --hash=sha256:ae0aefdd8796a7737eccea863f80f81e468a1e4cf14d926bd9b6f5f2d5f90ca9 \
    --hash=sha256:b0726cecd84f9474419d67252add4ac0cd9811b04d61123054b9fb6f57df6e9e \
    --hash=sha256:b58fabe35e80b264a4e3bb23e6b96f9e45a3df7fb7eed419ac0e5947c61e47cc \
    --hash=sha256:c7663d4e37f13e884d13994247449e9f8f574bc4655d509c3b95e9ec9e2b9dc1 \
    --hash=sha256:e452c464a02e7dc7822a05d25db4cde564444a67e58539a00f929c51eddda0cf \
    --hash=sha256:e78c8603dcd9a04c7364f1a3e670cea95d51ee865e4efb3556a3a63adef958ea \
    --hash=sha256:eb7e81434c8d223ec4a219b5fc1c47d0417b12be7ea866e24fb5ad6e84b3d988 \
    --hash=sha256:ed0cace939114f62738d808fdcecd4c869222507e266e574799e9c0faa17d486 \
    --hash=sha256:eed63d3b4d62449571547b60578c5b2c4bcccc5387148db46e0c2313dad0ee00 \
    --hash=sha256:fd04ef36b4a6d599bbdb225dd1d3f51e00105f6d48a28f006da7f9822f2606d8
    # via thunder-filetolink
pyaes==1.6.1 \
    --hash=sha256:02c1b1405c38d3c370b085fb952dd8bea3fadcee6411ad99f312cc129c536d8f
    # via pyrofork
pymediainfo-pyrofork==6.0.2 \
    --hash=sha256:674fa8e53de861635b9dc4f77c2ad712306a798bf28864952503bf328210c4c3 \
    --hash=sha256:fce9402edfd1fa09aba7b3cac4c41ba7fcf6820e561b4db4f9c1a1a68c487c36
    # via pyrofork
pymongo==4.18.0 \
    --hash=sha256:03de6fdfbcd4ad0634313956bffcced13abc9e575b9c74dec70f69cc248b501c \
    --hash=sha256:04766d0930bc06dc99e3274a800fb81e85f2629f27ba7bc326e2d4d13ea449d5 \
    --hash=sha256:0a61148df54b254b4157aaba2139cb8fc97b8232281d783e0b7b2d58cb000fcb \
    --hash=sha256:0d821ca5865e88c2dc29e259a191d770a53093c6749c6b228f18b078cb598faf \
    --hash=sha256:13b1ad2110fbc8ec151e996ae8ea22727db8b2bd48515141d76d4fb54bd07da3 \
    --hash=sha256:277e61864ad6a064d75d7efbf5ce0e57378c420e48af6b7bad63e8356dcb22e1 \
    --hash=sha256:29c60dce70a300a09c0af39c2dbebd1a0199db9eb4d3ef03a4eeb587e7675668 \
    --hash=sha256:34f3c9adcc26dbfdc50cbb27da5c369588e6862241ea5cf96d33139f57fd9e0b \
    --hash=sha256:368cd67dd1d3ead5836c20457b84d674256f27b3e99c332d085081680c8465b9 \
    --hash=sha256:3c50998113e17737fc2048e0184eda8c3aef465acc5a554fb76e2b0266805278 \
    --hash=sha256:4343c06f00fafdd8c8d73521ed8b4c468aa74e1b8f65cd757fb5f6ac3df685b3 \
    --hash=sha256:47627909a177036117b91a3378df8634dc8e93cf4ccd66b22086b0098d3c72de \
    --hash=sha256:4a81d166a43e8af1e5152b6854a263ba0a8831f7dd2ca1badc716f219f4f1bc0 \
    --hash=sha256:4c6f85e33ef338148cd70bc682fc73bfd202a1cde554057d807905d2310767ad \
    --hash=sha256:5a0e70d348d87e50406bc932f7998a40cc6cfdd4b0628dd0c00ff2470f07e3b1 \
    --hash=sha256:6f33cd2033e8ea216d3069b5ebea79ded74ef2a93f69a93b26cf310082f9b5b9 \
    --hash=sha256:721f9b1a378d5bbf1bc2b9de2b7d3eeb4466d2878c7f430d483af7e3f580c935 \
    --hash=sha256:996a87a5b9c048e3dddf497acde55c7955748572091c70e1424d3c4779171526 \
    --hash=sha256:a2d96ad52eca16939564cbae9c91ffa92a9705ad46cb8d5de26b95dba0d40793 \
    --hash=sha256:abd0db088de3935b87aa27398d6fa98718c3a1d84e36ffbb927a353a9d76a032 \
    --hash=sha256:b230196ea62fc4542d9d6b78ddd9dbf0c9437ac2fde5810f7305377ae50fed11 \
    --hash=sha256:b43545a785e4054db2f712ae7d2a640874500a2352e705dbe49c8a1b90de87f2 \
    --hash=sha256:b88f2dfa33e1680e8990b45036c7cdb79c5c5e0b1f08b2e5c942893d76853eb6 \
    --hash=sha256:c9b8e25f672f5b2b30c6b834e162454e721cf1f782e753f0e9ea3bca225900f3 \
    --hash=sha256:cd7577d4f28c882b42b356f86f7cf7566698beb347b75dcd742ffe5aac3c3462 \
    --hash=sha256:d971ee533dbd7b836abec1e4ceefaeb9f6637c262561614482f213b8a19085be \
    --hash=sha256:e11e86c9a0f81d23cdd0d0a42a9312c888139d7d330ddd744973d79fec87630c \
    --hash=sha256:e8dd4a0c2bd52dd9f78d8808578d5f2ecf1b0fab41a4a169400c969a3e06ae65 \
    --hash=sha256:eda647930ecf0419fb3cecc448c40020e3871adbae523b302d15d2c49d22c866 \
    --hash=sha256:ee7ed67136ee8e69c53c657253dbfe19486edd9560a3d8363cc0ee3614b52297 \
    --hash=sha256:f15feb666fa56a43e4b318471eff7fba6facbfc3b2555185a0fef871f6b9ccf1
    # via thunder-filetolink
pyrofork==2.3.69 \
    --hash=sha256:13f7a7fbfa5ede230df6b6df10fcc2c6b33b4c3d75bf2088a7d32f41621df8e4 \
    --hash=sha256:945b30d50b31819a903749825e2748ac5a6af1e073bf97da8c53e510ff3ed58d
    # via thunder-filetolink
pysocks==1.7.1 \
    --hash=sha256:2725bd0a9925919b9b51739eea5f9e2bae91e83288108a9ad338b2e3a4435ee5 \
    --hash=sha256:3f8804571ebe159c380ac6de37643bb4685970655d3bba243530d6558b799aa0
    # via pyrofork
python-dotenv==1.2.3 \
    --hash=sha256:904552145e8bfed22162c09dab1c2b9b54fefa7b23ba780f4f26ca0316b0f0d9 \
    --hash=sha256:a20a594dabeaa385725aa239d5244871c143ecb356add8a20fcf23773a6c3a35
    # via thunder-filetolink
tgcrypto-pyrofork==1.2.8 \
    --hash=sha256:106317b2c42cc5fcd7475a50647fee2da304076cdfcd2444f72d5254927b2afa \
    --hash=sha256:12d237eb8de98fa759df97bdb988dd6f60702c3376dbf16d2babdd2196bfb58a \
    --hash=sha256:1b202757b7711b642362baa32529c2a7896d4f259ae25df6a82d8f748a3d30b2 \
    --hash=sha256:1f28c07ee6c0ef423b3ff14562881f3bbcb6614d5394f378526f32a109650e24 \
    --hash=sha256:1ff578ac8b54607e6d536f9593f78d8bea9b99f2e607ea4bd71b1b2a3a5f949c \
    --hash=sha256:2e94273c733cba188b28b903eb10ed014eaeb454ccc9269e96c89d7f43d12ddf \
    --hash=sha256:36a71e5cbd14f3226803a2d05c0d3d43e0781565a895d40681ef82410398d950 \
    --hash=sha256:66792dfd71a90248cea9b855a40e9339686d19dc131134bd7ce4ec10b99a3509 \
    --hash=sha256:82bd2e8f249eaef92132ce5a310c27844e9fbb43666e5bfbf6dd1872c1c2eda2 \
    --hash=sha256:8e1086bcf070a8bdae4e81d7732b1cc082b2f31c6fdea884336d4f98c93d7d82 \
    --hash=sha256:8eaf42413eb7b2efae1122106803c26dc792f0ad6d98ed77d179950c979d0d35 \
    --hash=sha256:9b1538e0c14d2aee1b9dc72cddfd7706d2e4ea768addecc3f12ff8d44f38d3e1 \
    --hash=sha256:a8572c5c46c51352e294f7f68df2ed425756e25c08d0e2ef94e055ed243e3104 \
    --hash=sha256:ae1a23ed300786e28e8d9c2024effba7efc732d99fd8a2db314c02c35355f01f \
    --hash=sha256:bc888db2675247a1e3d9040577e025d64b66b72702223030b0e18ed10037b99e \
    --hash=sha256:c50a8ddd8e5256528f8318bcafbe1f59f1cc1c300db0ee16ec49955baead861c \
    --hash=sha256:cebd0cf96f27de50fedbbb836e459fb2d7d960ea1a454ac141ead0209d43bf5f \
    --hash=sha256:d3441ec567f9411ffbe5182fd4fb8c49fbd12faccd71c50fc469b9784e15b04d \
    --hash=sha256:d4886fa409c891e129c6ab439542e0b80b001b31bcefac63509340b0c691f73b \
    --hash=sha256:ef8b75bb9516ca1990f2a0ccdf26a84f301381410cb0c63bc14959a70e895a8e \
    --hash=sha256:f17a4dd0197e0972f056242bc06f97d86e890f8e29bda69af3dbc6f25d40c33f \
    --hash=sha256:fe3d75abef53bfbfa6e80dc6d25075f603f3ebe1dafa9d5c09b2780e0ea3a382
    # via thunder-filetolink
uvloop==0.22.1 \
    --hash=sha256:0530a5fbad9c9e4ee3f2b33b148c6a64d47bbad8000ea63704fa8260f4cf728e \
    --hash=sha256:1cdf5192ab3e674ca26da2eada35b288d2fa49fdd0f357a19f0e7c4e7d5077c8 \
    --hash=sha256:1f38ec5e3f18c8a10ded09742f7fb8de0108796eb673f30ce7762ce1b8550cad \
    --hash=sha256:297c27d8003520596236bdb2335e6b3f649480bd09e00d1e3a99144b691d2a35 \
    --hash=sha256:37554f70528f60cad66945b885eb01f1bb514f132d92b6eeed1c90fd54ed6289 \
    --hash=sha256:3879b88423ec7e97cd4eba2a443aa26ed4e59b45e6b76aabf13fe2f27023a142 \
    --hash=sha256:4baa86acedf1d62115c1dc6ad1e17134476688f08c6efd8a2ab076e815665c74 \
    --hash=sha256:561577354eb94200d75aca23fbde86ee11be36b00e52a4eaf8f50fb0c86b7705 \
    --hash=sha256:6c84bae345b9147082b17371e3dd5d42775bddce91f885499017f4607fdaf39f \
    --hash=sha256:6cde23eeda1a25c75b2e07d39970f3374105d5eafbaab2a4482be82f272d5a5e \
    --hash=sha256:6e2ea3d6190a2968f4a14a23019d3b16870dd2190cd69c8180f7c632d21de68d \
    --hash=sha256:93f617675b2d03af4e72a5333ef89450dfaa5321303ede6e67ba9c9d26878079 \
    --hash=sha256:b31dc2fccbd42adc73bc4e7cdbae4fc5086cf378979e53ca5d0301838c5682c6 \
    --hash=sha256:b76324e2dc033a0b2f435f33eb88ff9913c156ef78e153fb210e03c13da746b3 \
    --hash=sha256:b91328c72635f6f9e0282e4a57da7470c7350ab1c9f48546c0f2866205349d21 \
    --hash=sha256:badb4d8e58ee08dad957002027830d5c3b06aea446a6a3744483c2b3b745345c \
    --hash=sha256:bc5ef13bbc10b5335792360623cc378d52d7e62c2de64660616478c32cd0598e \
    --hash=sha256:c1955d5a1dd43198244d47664a5858082a3239766a839b2102a269aaff7a4e25 \
    --hash=sha256:daf620c2995d193449393d6c62131b3fbd40a63bf7b307a1527856ace637fe88
    # via thunder-filetolink
yarl==1.24.5 \
    --hash=sha256:0055afc45e864b92729ac7600e2d102c17bef060647e74bca75fa84d66b9ff36 \
    --hash=sha256:0465ec8cedc2349b97a6b595ace64084a50c6e839eca40aa0626f38b8350e331 \
    --hash=sha256:16a2f5010280020e90f5330257e6944bc33e73593b136cc5a241e6c1dc292498 \
    --hash=sha256:2120b96872df4a117cde97d270bac96aea7cc52205d305cf4611df694a487027 \
    --hash=sha256:24e861e9630e0daddcb9191fb187f60f034e17a4426f8101279f0c475cd74144 \
    --hash=sha256:2729fcfc4f6a596fb0c50f32090400aa9367774ac296a00387e65098c0befa76 \
    --hash=sha256:2dbe06fc16bc91502bca713704022182e5729861ae00277c3a23354b40929740 \
    --hash=sha256:3f45789ce415a7ec0820dc4f82925f9b5f7732070be1dec1f5f23ec381435a24 \
    --hash=sha256:4377407001ca3c057773f44d8ddd6358fa5f691407c1ba92210bd3cf8d9e4c95 \
    --hash=sha256:46c2f213e23a04b93a392942d782eb9e413e6ef6bf7c8c53884e599a5c174dcb \
    --hash=sha256:47e98aab9d8d82ff682e7b0b5dded33bf138a32b817fcf7fa3b27b2d7c412928 \
    --hash=sha256:4a36f9becdd4c5c52a20c3e9484128b070b1dcfc8944c006f3a528295a359a9c \
    --hash=sha256:4af7b7e1be0a69bee8210735fe6dcfc38879adfac6d62e789d53ba432d1ffa41 \
    --hash=sha256:4db9aecb141cb7a5447171b57aa1ed3a8fee06af40b992ffc31206c0b0121550 \
    --hash=sha256:53e549287ef628fecba270045c9701b0c564563a9b0577d24a4ec75b8ab8040f \
    --hash=sha256:5b8ee53be440a0cffc991a27be3057e0530122548dbe7c0892df08822fce5ede \
    --hash=sha256:5ba4f78df2bcc19f764a4b26a8a4f5049c110090ad5825993aacb052bf8003ad \
    --hash=sha256:5c88e5815a49d289e599f3513aa7fde0bc2092ff188f99c940f007f90f53d104 \
    --hash=sha256:66410eb6345d467151934b49bfa70fb32f5b35a6140baa40ad97d6436abea2e9 \
    --hash=sha256:6b8536851f9f65e7f00c7a1d49ba7f2be0ffe2c11555367fc9f50d9f842410a1 \
    --hash=sha256:6e73e7fe93f17a7b191f52ec9da9dd8c06a8fe735a1ecbd13b97d1c723bff385 \
    --hash=sha256:79af890482fc94648e8cde4c68620378f7fef60932710fa17a66abc039244da2 \
    --hash=sha256:7bcbe0fcf850eae67b6b01749815a4f7161c560a844c769ad7b48fcd99f791c4 \
    --hash=sha256:7c0494a31a1ac5461a226e7947a9c9b78c44e1dc7185164fa7e9651557a5d9bc \
    --hash=sha256:7f72c74aa99359e27a2ee8d6613fefa28b5f76a983c083074dfc2aaa4ab46213 \
    --hash=sha256:82632daed195dcc8ea664e8556dc9bdbd671960fb3776bd92806ce05792c2448 \
    --hash=sha256:82f75e05912e84b7a0fe57075d9c59de3cb352b928330f2eb69b2e1f54c3e1f0 \
    --hash=sha256:92ab3e11448f2ff7bf53c5a26eff0edc086898ec8b21fb154b85839ce1d88075 \
    --hash=sha256:9335a099ad87287c37fe5d1a982ff392fa5efe5d14b40a730b1ec1d6a41382b4 \
    --hash=sha256:9d1216a7f6f77836617dba35687c5b78a4170afc3c3f18fc788f785ba26565c4 \
    --hash=sha256:9e4e16c73d717c5cf27626c524d0a2e261ad20e46932b2670f64ad5dde23e26f \
    --hash=sha256:a33700d13d9b7d84fd10947b09ff69fb9a792e519c8cb9764a3ca70baa6c23a7 \
    --hash=sha256:a3732e66413163e72508da9eff9ce9d2846fde51fae45d3605393d3e6cd303e9 \
    --hash=sha256:a61834fb15d81322d872eaafd333838ae7c9cea84067f232656f75965933d047 \
    --hash=sha256:a7cff474ab7cd149765bb784cf6d78b32e18e20473fb7bda860bce98ab58e9da \
    --hash=sha256:af3aefa655adb5869491fa907e652290386800ae99cc50095cba71e2c6aefdca \
    --hash=sha256:cbb833ccacdb5519eff9b8b71ee618cc2801c878e77e288775d77c3a2ced858a \
    --hash=sha256:cf139c02f5f23ef6532040a30ff662c00a318c952334f211046b8e60b7f17688 \
    --hash=sha256:d46b86567dd4e248c6c159fcbcdcce01e0a5c8a7cd2334a0fff759d0fa075b16 \
    --hash=sha256:e1ae548a9d901adca07899a4147a7c826bbcc06239d3ce9a59f57886a28a4c88 \
    --hash=sha256:e2935f8c39e3b03e83519292d78f075189978f3f4adc15a78144c7c8e2a1cba5 \
    --hash=sha256:e42d75862735da90e7fc5a7b23db0c976f737113a54b3c9777a9b665e9cbff75 \
    --hash=sha256:e81b83143bee16329c23db3c1b2d82b29892fcbcb849186d2f6e98a5abe9a57f \
    --hash=sha256:ebb0ec7f17803063d5aeb982f3b1bd2b2f4e4fae6751226cbd6ba1fcfe9e63ff \
    --hash=sha256:f0a658a6d3fafee5c6f63c58f3e785c8c43c93fbc02bf9f2b6663f8185e0971f \
    --hash=sha256:f0e466ed7511fe9d459a819edbc6c2585c0b6eabde9fa8a8947552468a7a6ef0 \
    --hash=sha256:f141474e85b7e54998ec5180530a7cda99ab29e282fa50e0756d89981a9b43c5 \
    --hash=sha256:f540c013589084679a6c7fac07096b10159737918174f5dfc5e11bf5bca4dfe6 \
    --hash=sha256:fa139875ff98ab97da323cfadfaff08900d1ad42f1b5087b0b812a55c5a06373 \
    --hash=sha256:fcd3b77e2f17bbe4ca56ec7bcb07992647d19d0b9c05d84886dcd6f9eb810afd \
    --hash=sha256:ff330d3c30db4eb6b01d79e29d2d0b407a7ecad39cfd9ec993ece57396a2ec0d \
    --hash=sha256:ff405d91509d88e8d44129cd87b18d70acd1f0c1aeabd7bc3c46792b1fe2acba \
    --hash=sha256:ffcd54362564dc1a30fb74d8b8a6e5a6b11ebd5e27266adc3b7427a21a6c9104
    # via aiohttp
